// !$*UTF8*$!
{
	archiveVersion = 1;
	classes = {
	};
	objectVersion = 52;
	objects = {

/* Begin PBXBuildFile section */
		5934A0CD24439365001EA9F4 /* ProducerModel.swift in Sources */ = {isa = PBXBuildFile; fileRef = 5934A0CC24439365001EA9F4 /* ProducerModel.swift */; };
		5934A0CF24439689001EA9F4 /* ConsumerModel.swift in Sources */ = {isa = PBXBuildFile; fileRef = 5934A0CE24439689001EA9F4 /* ConsumerModel.swift */; };
		5934A0D124439E69001EA9F4 /* AddPointController.swift in Sources */ = {isa = PBXBuildFile; fileRef = 5934A0D024439E69001EA9F4 /* AddPointController.swift */; };
		593DFF7C2440655B00C5867E /* ShortTitleCell.swift in Sources */ = {isa = PBXBuildFile; fileRef = 593DFF7B2440655B00C5867E /* ShortTitleCell.swift */; };
		593DFF7F2440AE9B00C5867E /* Log.swift in Sources */ = {isa = PBXBuildFile; fileRef = 593DFF7E2440AE9B00C5867E /* Log.swift */; };
		593DFF8124421EAC00C5867E /* ConsumerSystemsController.swift in Sources */ = {isa = PBXBuildFile; fileRef = 593DFF8024421EAC00C5867E /* ConsumerSystemsController.swift */; };
		5947C293244321CA0017F6A2 /* ProducerPointItem.swift in Sources */ = {isa = PBXBuildFile; fileRef = 5947C291244321CA0017F6A2 /* ProducerPointItem.swift */; };
		5947C294244321CA0017F6A2 /* ProducerPointItem.xib in Resources */ = {isa = PBXBuildFile; fileRef = 5947C292244321CA0017F6A2 /* ProducerPointItem.xib */; };
		596EC94424479797000DFC3F /* ConsumerPointItem.xib in Resources */ = {isa = PBXBuildFile; fileRef = 596EC94224479797000DFC3F /* ConsumerPointItem.xib */; };
		596EC9462447C3B0000DFC3F /* ConsumerPointItem.swift in Sources */ = {isa = PBXBuildFile; fileRef = 596EC9452447C3B0000DFC3F /* ConsumerPointItem.swift */; };
		59A91F6A23F356250077EA82 /* ProducerController.swift in Sources */ = {isa = PBXBuildFile; fileRef = 59A91F6923F356250077EA82 /* ProducerController.swift */; };
		59A91F6C23F3563A0077EA82 /* ConsumerController.swift in Sources */ = {isa = PBXBuildFile; fileRef = 59A91F6B23F3563A0077EA82 /* ConsumerController.swift */; };
		59A91F6E23F3566B0077EA82 /* LauncherController.swift in Sources */ = {isa = PBXBuildFile; fileRef = 59A91F6D23F3566B0077EA82 /* LauncherController.swift */; };
		59DC385424530F3700C41FDF /* OTPKit in Frameworks */ = {isa = PBXBuildFile; productRef = 59DC385324530F3700C41FDF /* OTPKit */; };
		59DCB63223B26B8A00F36EDB /* AppDelegate.swift in Sources */ = {isa = PBXBuildFile; fileRef = 59DCB63123B26B8A00F36EDB /* AppDelegate.swift */; };
		59DCB63623B26B8C00F36EDB /* Assets.xcassets in Resources */ = {isa = PBXBuildFile; fileRef = 59DCB63523B26B8C00F36EDB /* Assets.xcassets */; };
		59DCB63923B26B8C00F36EDB /* Main.storyboard in Resources */ = {isa = PBXBuildFile; fileRef = 59DCB63723B26B8C00F36EDB /* Main.storyboard */; };
		59DCB64523B26B8C00F36EDB /* OTPAnalyzerTests.swift in Sources */ = {isa = PBXBuildFile; fileRef = 59DCB64423B26B8C00F36EDB /* OTPAnalyzerTests.swift */; };
		59DCB65023B26B8D00F36EDB /* OTPAnalyzerUITests.swift in Sources */ = {isa = PBXBuildFile; fileRef = 59DCB64F23B26B8D00F36EDB /* OTPAnalyzerUITests.swift */; };
		59EA975723F963480046AD06 /* NetUtils in Frameworks */ = {isa = PBXBuildFile; productRef = 59EA975623F963480046AD06 /* NetUtils */; };
		59EA975923F9793D0046AD06 /* CheckCellView.swift in Sources */ = {isa = PBXBuildFile; fileRef = 59EA975823F9793D0046AD06 /* CheckCellView.swift */; };
		59FBCC9C24507C6C00E586EC /* FadeEngine.swift in Sources */ = {isa = PBXBuildFile; fileRef = 59FBCC9B24507C6C00E586EC /* FadeEngine.swift */; };
		59FBCC9E24507D8400E586EC /* Fade.swift in Sources */ = {isa = PBXBuildFile; fileRef = 59FBCC9D24507D8400E586EC /* Fade.swift */; };
/* End PBXBuildFile section */

/* Begin PBXContainerItemProxy section */
		59DCB64123B26B8C00F36EDB /* PBXContainerItemProxy */ = {
			isa = PBXContainerItemProxy;
			containerPortal = 59DCB62623B26B8A00F36EDB /* Project object */;
			proxyType = 1;
			remoteGlobalIDString = 59DCB62D23B26B8A00F36EDB;
			remoteInfo = OTPAnalyzer;
		};
		59DCB64C23B26B8D00F36EDB /* PBXContainerItemProxy */ = {
			isa = PBXContainerItemProxy;
			containerPortal = 59DCB62623B26B8A00F36EDB /* Project object */;
			proxyType = 1;
			remoteGlobalIDString = 59DCB62D23B26B8A00F36EDB;
			remoteInfo = OTPAnalyzer;
		};
/* End PBXContainerItemProxy section */

/* Begin PBXFileReference section */
		5934A0CC24439365001EA9F4 /* ProducerModel.swift */ = {isa = PBXFileReference; lastKnownFileType = sourcecode.swift; path = ProducerModel.swift; sourceTree = "<group>"; };
		5934A0CE24439689001EA9F4 /* ConsumerModel.swift */ = {isa = PBXFileReference; lastKnownFileType = sourcecode.swift; path = ConsumerModel.swift; sourceTree = "<group>"; };
		5934A0D024439E69001EA9F4 /* AddPointController.swift */ = {isa = PBXFileReference; lastKnownFileType = sourcecode.swift; path = AddPointController.swift; sourceTree = "<group>"; };
		593DFF7B2440655B00C5867E /* ShortTitleCell.swift */ = {isa = PBXFileReference; lastKnownFileType = sourcecode.swift; path = ShortTitleCell.swift; sourceTree = "<group>"; };
		593DFF7E2440AE9B00C5867E /* Log.swift */ = {isa = PBXFileReference; lastKnownFileType = sourcecode.swift; path = Log.swift; sourceTree = "<group>"; };
		593DFF8024421EAC00C5867E /* ConsumerSystemsController.swift */ = {isa = PBXFileReference; lastKnownFileType = sourcecode.swift; path = ConsumerSystemsController.swift; sourceTree = "<group>"; };
		5947C291244321CA0017F6A2 /* ProducerPointItem.swift */ = {isa = PBXFileReference; lastKnownFileType = sourcecode.swift; path = ProducerPointItem.swift; sourceTree = "<group>"; };
		5947C292244321CA0017F6A2 /* ProducerPointItem.xib */ = {isa = PBXFileReference; lastKnownFileType = file.xib; path = ProducerPointItem.xib; sourceTree = "<group>"; };
		596EC94224479797000DFC3F /* ConsumerPointItem.xib */ = {isa = PBXFileReference; lastKnownFileType = file.xib; path = ConsumerPointItem.xib; sourceTree = "<group>"; };
		596EC9452447C3B0000DFC3F /* ConsumerPointItem.swift */ = {isa = PBXFileReference; lastKnownFileType = sourcecode.swift; path = ConsumerPointItem.swift; sourceTree = "<group>"; };
		59A91F6923F356250077EA82 /* ProducerController.swift */ = {isa = PBXFileReference; lastKnownFileType = sourcecode.swift; path = ProducerController.swift; sourceTree = "<group>"; };
		59A91F6B23F3563A0077EA82 /* ConsumerController.swift */ = {isa = PBXFileReference; lastKnownFileType = sourcecode.swift; path = ConsumerController.swift; sourceTree = "<group>"; };
		59A91F6D23F3566B0077EA82 /* LauncherController.swift */ = {isa = PBXFileReference; lastKnownFileType = sourcecode.swift; path = LauncherController.swift; sourceTree = "<group>"; };
		59DC38552453111B00C41FDF /* README.md */ = {isa = PBXFileReference; lastKnownFileType = net.daringfireball.markdown; path = README.md; sourceTree = "<group>"; };
		59DCB62E23B26B8A00F36EDB /* OTPAnalyzer.app */ = {isa = PBXFileReference; explicitFileType = wrapper.application; includeInIndex = 0; path = OTPAnalyzer.app; sourceTree = BUILT_PRODUCTS_DIR; };
		59DCB63123B26B8A00F36EDB /* AppDelegate.swift */ = {isa = PBXFileReference; lastKnownFileType = sourcecode.swift; path = AppDelegate.swift; sourceTree = "<group>"; };
		59DCB63523B26B8C00F36EDB /* Assets.xcassets */ = {isa = PBXFileReference; lastKnownFileType = folder.assetcatalog; path = Assets.xcassets; sourceTree = "<group>"; };
		59DCB63823B26B8C00F36EDB /* Base */ = {isa = PBXFileReference; lastKnownFileType = file.storyboard; name = Base; path = Base.lproj/Main.storyboard; sourceTree = "<group>"; };
		59DCB63A23B26B8C00F36EDB /* Info.plist */ = {isa = PBXFileReference; lastKnownFileType = text.plist.xml; path = Info.plist; sourceTree = "<group>"; };
		59DCB63B23B26B8C00F36EDB /* OTPAnalyzer.entitlements */ = {isa = PBXFileReference; lastKnownFileType = text.plist.entitlements; path = OTPAnalyzer.entitlements; sourceTree = "<group>"; };
		59DCB64023B26B8C00F36EDB /* OTPAnalyzerTests.xctest */ = {isa = PBXFileReference; explicitFileType = wrapper.cfbundle; includeInIndex = 0; path = OTPAnalyzerTests.xctest; sourceTree = BUILT_PRODUCTS_DIR; };
		59DCB64423B26B8C00F36EDB /* OTPAnalyzerTests.swift */ = {isa = PBXFileReference; lastKnownFileType = sourcecode.swift; path = OTPAnalyzerTests.swift; sourceTree = "<group>"; };
		59DCB64623B26B8D00F36EDB /* Info.plist */ = {isa = PBXFileReference; lastKnownFileType = text.plist.xml; path = Info.plist; sourceTree = "<group>"; };
		59DCB64B23B26B8D00F36EDB /* OTPAnalyzerUITests.xctest */ = {isa = PBXFileReference; explicitFileType = wrapper.cfbundle; includeInIndex = 0; path = OTPAnalyzerUITests.xctest; sourceTree = BUILT_PRODUCTS_DIR; };
		59DCB64F23B26B8D00F36EDB /* OTPAnalyzerUITests.swift */ = {isa = PBXFileReference; lastKnownFileType = sourcecode.swift; path = OTPAnalyzerUITests.swift; sourceTree = "<group>"; };
		59DCB65123B26B8D00F36EDB /* Info.plist */ = {isa = PBXFileReference; lastKnownFileType = text.plist.xml; path = Info.plist; sourceTree = "<group>"; };
		59EA975823F9793D0046AD06 /* CheckCellView.swift */ = {isa = PBXFileReference; lastKnownFileType = sourcecode.swift; path = CheckCellView.swift; sourceTree = "<group>"; };
		59FBCC9B24507C6C00E586EC /* FadeEngine.swift */ = {isa = PBXFileReference; lastKnownFileType = sourcecode.swift; path = FadeEngine.swift; sourceTree = "<group>"; };
		59FBCC9D24507D8400E586EC /* Fade.swift */ = {isa = PBXFileReference; lastKnownFileType = sourcecode.swift; path = Fade.swift; sourceTree = "<group>"; };
/* End PBXFileReference section */

/* Begin PBXFrameworksBuildPhase section */
		59DCB62B23B26B8A00F36EDB /* Frameworks */ = {
			isa = PBXFrameworksBuildPhase;
			buildActionMask = 2147483647;
			files = (
				59EA975723F963480046AD06 /* NetUtils in Frameworks */,
				59DC385424530F3700C41FDF /* OTPKit in Frameworks */,
			);
			runOnlyForDeploymentPostprocessing = 0;
		};
		59DCB63D23B26B8C00F36EDB /* Frameworks */ = {
			isa = PBXFrameworksBuildPhase;
			buildActionMask = 2147483647;
			files = (
			);
			runOnlyForDeploymentPostprocessing = 0;
		};
		59DCB64823B26B8D00F36EDB /* Frameworks */ = {
			isa = PBXFrameworksBuildPhase;
			buildActionMask = 2147483647;
			files = (
			);
			runOnlyForDeploymentPostprocessing = 0;
		};
/* End PBXFrameworksBuildPhase section */

/* Begin PBXGroup section */
		593DFF7D2440AE8100C5867E /* Data */ = {
			isa = PBXGroup;
			children = (
				593DFF7E2440AE9B00C5867E /* Log.swift */,
				5934A0CC24439365001EA9F4 /* ProducerModel.swift */,
				5934A0CE24439689001EA9F4 /* ConsumerModel.swift */,
				59FBCC9B24507C6C00E586EC /* FadeEngine.swift */,
				59FBCC9D24507D8400E586EC /* Fade.swift */,
			);
			path = Data;
			sourceTree = "<group>";
		};
		59A91F6823F355FE0077EA82 /* Views */ = {
			isa = PBXGroup;
			children = (
				59EA975823F9793D0046AD06 /* CheckCellView.swift */,
				5947C291244321CA0017F6A2 /* ProducerPointItem.swift */,
				5947C292244321CA0017F6A2 /* ProducerPointItem.xib */,
				593DFF7B2440655B00C5867E /* ShortTitleCell.swift */,
				596EC94224479797000DFC3F /* ConsumerPointItem.xib */,
				596EC9452447C3B0000DFC3F /* ConsumerPointItem.swift */,
			);
			path = Views;
			sourceTree = "<group>";
		};
		59DCB62523B26B8A00F36EDB = {
			isa = PBXGroup;
			children = (
				59DC38552453111B00C41FDF /* README.md */,
				59DCB63023B26B8A00F36EDB /* OTPAnalyzer */,
				59DCB64323B26B8C00F36EDB /* OTPAnalyzerTests */,
				59DCB64E23B26B8D00F36EDB /* OTPAnalyzerUITests */,
				59DCB62F23B26B8A00F36EDB /* Products */,
				59DCB66223B26DFE00F36EDB /* Frameworks */,
			);
			sourceTree = "<group>";
		};
		59DCB62F23B26B8A00F36EDB /* Products */ = {
			isa = PBXGroup;
			children = (
				59DCB62E23B26B8A00F36EDB /* OTPAnalyzer.app */,
				59DCB64023B26B8C00F36EDB /* OTPAnalyzerTests.xctest */,
				59DCB64B23B26B8D00F36EDB /* OTPAnalyzerUITests.xctest */,
			);
			name = Products;
			sourceTree = "<group>";
		};
		59DCB63023B26B8A00F36EDB /* OTPAnalyzer */ = {
			isa = PBXGroup;
			children = (
				59EE7C4624447090002B1C69 /* Controllers */,
				593DFF7D2440AE8100C5867E /* Data */,
				59A91F6823F355FE0077EA82 /* Views */,
				59DCB63123B26B8A00F36EDB /* AppDelegate.swift */,
				59DCB63523B26B8C00F36EDB /* Assets.xcassets */,
				59DCB63723B26B8C00F36EDB /* Main.storyboard */,
				59DCB63A23B26B8C00F36EDB /* Info.plist */,
				59DCB63B23B26B8C00F36EDB /* OTPAnalyzer.entitlements */,
			);
			path = OTPAnalyzer;
			sourceTree = "<group>";
		};
		59DCB64323B26B8C00F36EDB /* OTPAnalyzerTests */ = {
			isa = PBXGroup;
			children = (
				59DCB64423B26B8C00F36EDB /* OTPAnalyzerTests.swift */,
				59DCB64623B26B8D00F36EDB /* Info.plist */,
			);
			path = OTPAnalyzerTests;
			sourceTree = "<group>";
		};
		59DCB64E23B26B8D00F36EDB /* OTPAnalyzerUITests */ = {
			isa = PBXGroup;
			children = (
				59DCB64F23B26B8D00F36EDB /* OTPAnalyzerUITests.swift */,
				59DCB65123B26B8D00F36EDB /* Info.plist */,
			);
			path = OTPAnalyzerUITests;
			sourceTree = "<group>";
		};
		59DCB66223B26DFE00F36EDB /* Frameworks */ = {
			isa = PBXGroup;
			children = (
			);
			name = Frameworks;
			sourceTree = "<group>";
		};
		59EE7C4624447090002B1C69 /* Controllers */ = {
			isa = PBXGroup;
			children = (
				5934A0D024439E69001EA9F4 /* AddPointController.swift */,
				59A91F6B23F3563A0077EA82 /* ConsumerController.swift */,
				593DFF8024421EAC00C5867E /* ConsumerSystemsController.swift */,
				59A91F6D23F3566B0077EA82 /* LauncherController.swift */,
				59A91F6923F356250077EA82 /* ProducerController.swift */,
			);
			path = Controllers;
			sourceTree = "<group>";
		};
/* End PBXGroup section */

/* Begin PBXNativeTarget section */
		59DCB62D23B26B8A00F36EDB /* OTPAnalyzer */ = {
			isa = PBXNativeTarget;
			buildConfigurationList = 59DCB65423B26B8D00F36EDB /* Build configuration list for PBXNativeTarget "OTPAnalyzer" */;
			buildPhases = (
				59DCB62A23B26B8A00F36EDB /* Sources */,
				59DCB62B23B26B8A00F36EDB /* Frameworks */,
				59DCB62C23B26B8A00F36EDB /* Resources */,
			);
			buildRules = (
			);
			dependencies = (
			);
			name = OTPAnalyzer;
			packageProductDependencies = (
				59EA975623F963480046AD06 /* NetUtils */,
				59DC385324530F3700C41FDF /* OTPKit */,
			);
			productName = OTPAnalyzer;
			productReference = 59DCB62E23B26B8A00F36EDB /* OTPAnalyzer.app */;
			productType = "com.apple.product-type.application";
		};
		59DCB63F23B26B8C00F36EDB /* OTPAnalyzerTests */ = {
			isa = PBXNativeTarget;
			buildConfigurationList = 59DCB65723B26B8D00F36EDB /* Build configuration list for PBXNativeTarget "OTPAnalyzerTests" */;
			buildPhases = (
				59DCB63C23B26B8C00F36EDB /* Sources */,
				59DCB63D23B26B8C00F36EDB /* Frameworks */,
				59DCB63E23B26B8C00F36EDB /* Resources */,
			);
			buildRules = (
			);
			dependencies = (
				59DCB64223B26B8C00F36EDB /* PBXTargetDependency */,
			);
			name = OTPAnalyzerTests;
			productName = OTPAnalyzerTests;
			productReference = 59DCB64023B26B8C00F36EDB /* OTPAnalyzerTests.xctest */;
			productType = "com.apple.product-type.bundle.unit-test";
		};
		59DCB64A23B26B8D00F36EDB /* OTPAnalyzerUITests */ = {
			isa = PBXNativeTarget;
			buildConfigurationList = 59DCB65A23B26B8D00F36EDB /* Build configuration list for PBXNativeTarget "OTPAnalyzerUITests" */;
			buildPhases = (
				59DCB64723B26B8D00F36EDB /* Sources */,
				59DCB64823B26B8D00F36EDB /* Frameworks */,
				59DCB64923B26B8D00F36EDB /* Resources */,
			);
			buildRules = (
			);
			dependencies = (
				59DCB64D23B26B8D00F36EDB /* PBXTargetDependency */,
			);
			name = OTPAnalyzerUITests;
			productName = OTPAnalyzerUITests;
			productReference = 59DCB64B23B26B8D00F36EDB /* OTPAnalyzerUITests.xctest */;
			productType = "com.apple.product-type.bundle.ui-testing";
		};
/* End PBXNativeTarget section */

/* Begin PBXProject section */
		59DCB62623B26B8A00F36EDB /* Project object */ = {
			isa = PBXProject;
			attributes = {
				LastSwiftUpdateCheck = 1130;
				LastUpgradeCheck = 1210;
				ORGANIZATIONNAME = "Daniel Murfin";
				TargetAttributes = {
					59DCB62D23B26B8A00F36EDB = {
						CreatedOnToolsVersion = 11.3;
					};
					59DCB63F23B26B8C00F36EDB = {
						CreatedOnToolsVersion = 11.3;
						TestTargetID = 59DCB62D23B26B8A00F36EDB;
					};
					59DCB64A23B26B8D00F36EDB = {
						CreatedOnToolsVersion = 11.3;
						TestTargetID = 59DCB62D23B26B8A00F36EDB;
					};
				};
			};
			buildConfigurationList = 59DCB62923B26B8A00F36EDB /* Build configuration list for PBXProject "OTPAnalyzer" */;
			compatibilityVersion = "Xcode 9.3";
			developmentRegion = en;
			hasScannedForEncodings = 0;
			knownRegions = (
				en,
				Base,
			);
			mainGroup = 59DCB62523B26B8A00F36EDB;
			packageReferences = (
				59EA975523F963480046AD06 /* XCRemoteSwiftPackageReference "swift-netutils" */,
				59DC385224530F3700C41FDF /* XCRemoteSwiftPackageReference "OTPKit" */,
			);
			productRefGroup = 59DCB62F23B26B8A00F36EDB /* Products */;
			projectDirPath = "";
			projectRoot = "";
			targets = (
				59DCB62D23B26B8A00F36EDB /* OTPAnalyzer */,
				59DCB63F23B26B8C00F36EDB /* OTPAnalyzerTests */,
				59DCB64A23B26B8D00F36EDB /* OTPAnalyzerUITests */,
			);
		};
/* End PBXProject section */

/* Begin PBXResourcesBuildPhase section */
		59DCB62C23B26B8A00F36EDB /* Resources */ = {
			isa = PBXResourcesBuildPhase;
			buildActionMask = 2147483647;
			files = (
				59DCB63623B26B8C00F36EDB /* Assets.xcassets in Resources */,
				5947C294244321CA0017F6A2 /* ProducerPointItem.xib in Resources */,
				59DCB63923B26B8C00F36EDB /* Main.storyboard in Resources */,
				596EC94424479797000DFC3F /* ConsumerPointItem.xib in Resources */,
			);
			runOnlyForDeploymentPostprocessing = 0;
		};
		59DCB63E23B26B8C00F36EDB /* Resources */ = {
			isa = PBXResourcesBuildPhase;
			buildActionMask = 2147483647;
			files = (
			);
			runOnlyForDeploymentPostprocessing = 0;
		};
		59DCB64923B26B8D00F36EDB /* Resources */ = {
			isa = PBXResourcesBuildPhase;
			buildActionMask = 2147483647;
			files = (
			);
			runOnlyForDeploymentPostprocessing = 0;
		};
/* End PBXResourcesBuildPhase section */

/* Begin PBXSourcesBuildPhase section */
		59DCB62A23B26B8A00F36EDB /* Sources */ = {
			isa = PBXSourcesBuildPhase;
			buildActionMask = 2147483647;
			files = (
				596EC9462447C3B0000DFC3F /* ConsumerPointItem.swift in Sources */,
				5934A0CF24439689001EA9F4 /* ConsumerModel.swift in Sources */,
				59EA975923F9793D0046AD06 /* CheckCellView.swift in Sources */,
				593DFF8124421EAC00C5867E /* ConsumerSystemsController.swift in Sources */,
				593DFF7F2440AE9B00C5867E /* Log.swift in Sources */,
				593DFF7C2440655B00C5867E /* ShortTitleCell.swift in Sources */,
				59A91F6E23F3566B0077EA82 /* LauncherController.swift in Sources */,
				59FBCC9E24507D8400E586EC /* Fade.swift in Sources */,
				5934A0D124439E69001EA9F4 /* AddPointController.swift in Sources */,
				59A91F6A23F356250077EA82 /* ProducerController.swift in Sources */,
				59FBCC9C24507C6C00E586EC /* FadeEngine.swift in Sources */,
				59A91F6C23F3563A0077EA82 /* ConsumerController.swift in Sources */,
				59DCB63223B26B8A00F36EDB /* AppDelegate.swift in Sources */,
				5947C293244321CA0017F6A2 /* ProducerPointItem.swift in Sources */,
				5934A0CD24439365001EA9F4 /* ProducerModel.swift in Sources */,
			);
			runOnlyForDeploymentPostprocessing = 0;
		};
		59DCB63C23B26B8C00F36EDB /* Sources */ = {
			isa = PBXSourcesBuildPhase;
			buildActionMask = 2147483647;
			files = (
				59DCB64523B26B8C00F36EDB /* OTPAnalyzerTests.swift in Sources */,
			);
			runOnlyForDeploymentPostprocessing = 0;
		};
		59DCB64723B26B8D00F36EDB /* Sources */ = {
			isa = PBXSourcesBuildPhase;
			buildActionMask = 2147483647;
			files = (
				59DCB65023B26B8D00F36EDB /* OTPAnalyzerUITests.swift in Sources */,
			);
			runOnlyForDeploymentPostprocessing = 0;
		};
/* End PBXSourcesBuildPhase section */

/* Begin PBXTargetDependency section */
		59DCB64223B26B8C00F36EDB /* PBXTargetDependency */ = {
			isa = PBXTargetDependency;
			target = 59DCB62D23B26B8A00F36EDB /* OTPAnalyzer */;
			targetProxy = 59DCB64123B26B8C00F36EDB /* PBXContainerItemProxy */;
		};
		59DCB64D23B26B8D00F36EDB /* PBXTargetDependency */ = {
			isa = PBXTargetDependency;
			target = 59DCB62D23B26B8A00F36EDB /* OTPAnalyzer */;
			targetProxy = 59DCB64C23B26B8D00F36EDB /* PBXContainerItemProxy */;
		};
/* End PBXTargetDependency section */

/* Begin PBXVariantGroup section */
		59DCB63723B26B8C00F36EDB /* Main.storyboard */ = {
			isa = PBXVariantGroup;
			children = (
				59DCB63823B26B8C00F36EDB /* Base */,
			);
			name = Main.storyboard;
			sourceTree = "<group>";
		};
/* End PBXVariantGroup section */

/* Begin XCBuildConfiguration section */
		59DCB65223B26B8D00F36EDB /* Debug */ = {
			isa = XCBuildConfiguration;
			buildSettings = {
				ALWAYS_SEARCH_USER_PATHS = NO;
				CLANG_ANALYZER_NONNULL = YES;
				CLANG_ANALYZER_NUMBER_OBJECT_CONVERSION = YES_AGGRESSIVE;
				CLANG_CXX_LANGUAGE_STANDARD = "gnu++14";
				CLANG_CXX_LIBRARY = "libc++";
				CLANG_ENABLE_MODULES = YES;
				CLANG_ENABLE_OBJC_ARC = YES;
				CLANG_ENABLE_OBJC_WEAK = YES;
				CLANG_WARN_BLOCK_CAPTURE_AUTORELEASING = YES;
				CLANG_WARN_BOOL_CONVERSION = YES;
				CLANG_WARN_COMMA = YES;
				CLANG_WARN_CONSTANT_CONVERSION = YES;
				CLANG_WARN_DEPRECATED_OBJC_IMPLEMENTATIONS = YES;
				CLANG_WARN_DIRECT_OBJC_ISA_USAGE = YES_ERROR;
				CLANG_WARN_DOCUMENTATION_COMMENTS = YES;
				CLANG_WARN_EMPTY_BODY = YES;
				CLANG_WARN_ENUM_CONVERSION = YES;
				CLANG_WARN_INFINITE_RECURSION = YES;
				CLANG_WARN_INT_CONVERSION = YES;
				CLANG_WARN_NON_LITERAL_NULL_CONVERSION = YES;
				CLANG_WARN_OBJC_IMPLICIT_RETAIN_SELF = YES;
				CLANG_WARN_OBJC_LITERAL_CONVERSION = YES;
				CLANG_WARN_OBJC_ROOT_CLASS = YES_ERROR;
				CLANG_WARN_QUOTED_INCLUDE_IN_FRAMEWORK_HEADER = YES;
				CLANG_WARN_RANGE_LOOP_ANALYSIS = YES;
				CLANG_WARN_STRICT_PROTOTYPES = YES;
				CLANG_WARN_SUSPICIOUS_MOVE = YES;
				CLANG_WARN_UNGUARDED_AVAILABILITY = YES_AGGRESSIVE;
				CLANG_WARN_UNREACHABLE_CODE = YES;
				CLANG_WARN__DUPLICATE_METHOD_MATCH = YES;
				COPY_PHASE_STRIP = NO;
				DEBUG_INFORMATION_FORMAT = dwarf;
				ENABLE_STRICT_OBJC_MSGSEND = YES;
				ENABLE_TESTABILITY = YES;
				GCC_C_LANGUAGE_STANDARD = gnu11;
				GCC_DYNAMIC_NO_PIC = NO;
				GCC_NO_COMMON_BLOCKS = YES;
				GCC_OPTIMIZATION_LEVEL = 0;
				GCC_PREPROCESSOR_DEFINITIONS = (
					"DEBUG=1",
					"$(inherited)",
				);
				GCC_WARN_64_TO_32_BIT_CONVERSION = YES;
				GCC_WARN_ABOUT_RETURN_TYPE = YES_ERROR;
				GCC_WARN_UNDECLARED_SELECTOR = YES;
				GCC_WARN_UNINITIALIZED_AUTOS = YES_AGGRESSIVE;
				GCC_WARN_UNUSED_FUNCTION = YES;
				GCC_WARN_UNUSED_VARIABLE = YES;
				MACOSX_DEPLOYMENT_TARGET = 10.15;
				MTL_ENABLE_DEBUG_INFO = INCLUDE_SOURCE;
				MTL_FAST_MATH = YES;
				ONLY_ACTIVE_ARCH = YES;
				SDKROOT = macosx;
				SWIFT_ACTIVE_COMPILATION_CONDITIONS = DEBUG;
				SWIFT_OPTIMIZATION_LEVEL = "-Onone";
			};
			name = Debug;
		};
		59DCB65323B26B8D00F36EDB /* Release */ = {
			isa = XCBuildConfiguration;
			buildSettings = {
				ALWAYS_SEARCH_USER_PATHS = NO;
				CLANG_ANALYZER_NONNULL = YES;
				CLANG_ANALYZER_NUMBER_OBJECT_CONVERSION = YES_AGGRESSIVE;
				CLANG_CXX_LANGUAGE_STANDARD = "gnu++14";
				CLANG_CXX_LIBRARY = "libc++";
				CLANG_ENABLE_MODULES = YES;
				CLANG_ENABLE_OBJC_ARC = YES;
				CLANG_ENABLE_OBJC_WEAK = YES;
				CLANG_WARN_BLOCK_CAPTURE_AUTORELEASING = YES;
				CLANG_WARN_BOOL_CONVERSION = YES;
				CLANG_WARN_COMMA = YES;
				CLANG_WARN_CONSTANT_CONVERSION = YES;
				CLANG_WARN_DEPRECATED_OBJC_IMPLEMENTATIONS = YES;
				CLANG_WARN_DIRECT_OBJC_ISA_USAGE = YES_ERROR;
				CLANG_WARN_DOCUMENTATION_COMMENTS = YES;
				CLANG_WARN_EMPTY_BODY = YES;
				CLANG_WARN_ENUM_CONVERSION = YES;
				CLANG_WARN_INFINITE_RECURSION = YES;
				CLANG_WARN_INT_CONVERSION = YES;
				CLANG_WARN_NON_LITERAL_NULL_CONVERSION = YES;
				CLANG_WARN_OBJC_IMPLICIT_RETAIN_SELF = YES;
				CLANG_WARN_OBJC_LITERAL_CONVERSION = YES;
				CLANG_WARN_OBJC_ROOT_CLASS = YES_ERROR;
				CLANG_WARN_QUOTED_INCLUDE_IN_FRAMEWORK_HEADER = YES;
				CLANG_WARN_RANGE_LOOP_ANALYSIS = YES;
				CLANG_WARN_STRICT_PROTOTYPES = YES;
				CLANG_WARN_SUSPICIOUS_MOVE = YES;
				CLANG_WARN_UNGUARDED_AVAILABILITY = YES_AGGRESSIVE;
				CLANG_WARN_UNREACHABLE_CODE = YES;
				CLANG_WARN__DUPLICATE_METHOD_MATCH = YES;
				COPY_PHASE_STRIP = NO;
				DEBUG_INFORMATION_FORMAT = "dwarf-with-dsym";
				ENABLE_NS_ASSERTIONS = NO;
				ENABLE_STRICT_OBJC_MSGSEND = YES;
				GCC_C_LANGUAGE_STANDARD = gnu11;
				GCC_NO_COMMON_BLOCKS = YES;
				GCC_WARN_64_TO_32_BIT_CONVERSION = YES;
				GCC_WARN_ABOUT_RETURN_TYPE = YES_ERROR;
				GCC_WARN_UNDECLARED_SELECTOR = YES;
				GCC_WARN_UNINITIALIZED_AUTOS = YES_AGGRESSIVE;
				GCC_WARN_UNUSED_FUNCTION = YES;
				GCC_WARN_UNUSED_VARIABLE = YES;
				MACOSX_DEPLOYMENT_TARGET = 10.15;
				MTL_ENABLE_DEBUG_INFO = NO;
				MTL_FAST_MATH = YES;
				SDKROOT = macosx;
				SWIFT_COMPILATION_MODE = wholemodule;
				SWIFT_OPTIMIZATION_LEVEL = "-O";
			};
			name = Release;
		};
		59DCB65523B26B8D00F36EDB /* Debug */ = {
			isa = XCBuildConfiguration;
			buildSettings = {
				ASSETCATALOG_COMPILER_APPICON_NAME = AppIcon;
				CODE_SIGN_ENTITLEMENTS = OTPAnalyzer/OTPAnalyzer.entitlements;
				CODE_SIGN_IDENTITY = "Apple Development";
				CODE_SIGN_STYLE = Automatic;
				COMBINE_HIDPI_IMAGES = YES;
				DEVELOPMENT_TEAM = 397VYP6USE;
				ENABLE_HARDENED_RUNTIME = YES;
				INFOPLIST_FILE = OTPAnalyzer/Info.plist;
				LD_RUNPATH_SEARCH_PATHS = (
					"$(inherited)",
					"@executable_path/../Frameworks",
				);
				MACOSX_DEPLOYMENT_TARGET = 10.14;
				MARKETING_VERSION = 0.3.0;
				PRODUCT_BUNDLE_IDENTIFIER = com.danielmurfin.OTPAnalyzer;
				PRODUCT_NAME = "$(TARGET_NAME)";
				SWIFT_VERSION = 5.0;
			};
			name = Debug;
		};
		59DCB65623B26B8D00F36EDB /* Release */ = {
			isa = XCBuildConfiguration;
			buildSettings = {
				ASSETCATALOG_COMPILER_APPICON_NAME = AppIcon;
				CODE_SIGN_ENTITLEMENTS = OTPAnalyzer/OTPAnalyzer.entitlements;
				CODE_SIGN_IDENTITY = "Apple Development";
				CODE_SIGN_STYLE = Automatic;
				COMBINE_HIDPI_IMAGES = YES;
				DEVELOPMENT_TEAM = 397VYP6USE;
				ENABLE_HARDENED_RUNTIME = YES;
				INFOPLIST_FILE = OTPAnalyzer/Info.plist;
				LD_RUNPATH_SEARCH_PATHS = (
					"$(inherited)",
					"@executable_path/../Frameworks",
				);
				MACOSX_DEPLOYMENT_TARGET = 10.14;
				MARKETING_VERSION = 0.3.0;
				PRODUCT_BUNDLE_IDENTIFIER = com.danielmurfin.OTPAnalyzer;
				PRODUCT_NAME = "$(TARGET_NAME)";
				SWIFT_VERSION = 5.0;
			};
			name = Release;
		};
		59DCB65823B26B8D00F36EDB /* Debug */ = {
			isa = XCBuildConfiguration;
			buildSettings = {
				ALWAYS_EMBED_SWIFT_STANDARD_LIBRARIES = YES;
				BUNDLE_LOADER = "$(TEST_HOST)";
				CODE_SIGN_STYLE = Automatic;
				COMBINE_HIDPI_IMAGES = YES;
				DEVELOPMENT_TEAM = 397VYP6USE;
				INFOPLIST_FILE = OTPAnalyzerTests/Info.plist;
				LD_RUNPATH_SEARCH_PATHS = (
					"$(inherited)",
					"@executable_path/../Frameworks",
					"@loader_path/../Frameworks",
				);
				MACOSX_DEPLOYMENT_TARGET = 10.15;
				PRODUCT_BUNDLE_IDENTIFIER = com.danielmurfin.OTPAnalyzerTests;
				PRODUCT_NAME = "$(TARGET_NAME)";
				SWIFT_VERSION = 5.0;
				TEST_HOST = "$(BUILT_PRODUCTS_DIR)/OTPAnalyzer.app/Contents/MacOS/OTPAnalyzer";
			};
			name = Debug;
		};
		59DCB65923B26B8D00F36EDB /* Release */ = {
			isa = XCBuildConfiguration;
			buildSettings = {
				ALWAYS_EMBED_SWIFT_STANDARD_LIBRARIES = YES;
				BUNDLE_LOADER = "$(TEST_HOST)";
				CODE_SIGN_STYLE = Automatic;
				COMBINE_HIDPI_IMAGES = YES;
				DEVELOPMENT_TEAM = 397VYP6USE;
				INFOPLIST_FILE = OTPAnalyzerTests/Info.plist;
				LD_RUNPATH_SEARCH_PATHS = (
					"$(inherited)",
					"@executable_path/../Frameworks",
					"@loader_path/../Frameworks",
				);
				MACOSX_DEPLOYMENT_TARGET = 10.15;
				PRODUCT_BUNDLE_IDENTIFIER = com.danielmurfin.OTPAnalyzerTests;
				PRODUCT_NAME = "$(TARGET_NAME)";
				SWIFT_VERSION = 5.0;
				TEST_HOST = "$(BUILT_PRODUCTS_DIR)/OTPAnalyzer.app/Contents/MacOS/OTPAnalyzer";
			};
			name = Release;
		};
		59DCB65B23B26B8D00F36EDB /* Debug */ = {
			isa = XCBuildConfiguration;
			buildSettings = {
				ALWAYS_EMBED_SWIFT_STANDARD_LIBRARIES = YES;
				CODE_SIGN_STYLE = Automatic;
				COMBINE_HIDPI_IMAGES = YES;
				DEVELOPMENT_TEAM = 397VYP6USE;
				INFOPLIST_FILE = OTPAnalyzerUITests/Info.plist;
				LD_RUNPATH_SEARCH_PATHS = (
					"$(inherited)",
					"@executable_path/../Frameworks",
					"@loader_path/../Frameworks",
				);
				PRODUCT_BUNDLE_IDENTIFIER = com.danielmurfin.OTPAnalyzerUITests;
				PRODUCT_NAME = "$(TARGET_NAME)";
				SWIFT_VERSION = 5.0;
				TEST_TARGET_NAME = OTPAnalyzer;
			};
			name = Debug;
		};
		59DCB65C23B26B8D00F36EDB /* Release */ = {
			isa = XCBuildConfiguration;
			buildSettings = {
				ALWAYS_EMBED_SWIFT_STANDARD_LIBRARIES = YES;
				CODE_SIGN_STYLE = Automatic;
				COMBINE_HIDPI_IMAGES = YES;
				DEVELOPMENT_TEAM = 397VYP6USE;
				INFOPLIST_FILE = OTPAnalyzerUITests/Info.plist;
				LD_RUNPATH_SEARCH_PATHS = (
					"$(inherited)",
					"@executable_path/../Frameworks",
					"@loader_path/../Frameworks",
				);
				PRODUCT_BUNDLE_IDENTIFIER = com.danielmurfin.OTPAnalyzerUITests;
				PRODUCT_NAME = "$(TARGET_NAME)";
				SWIFT_VERSION = 5.0;
				TEST_TARGET_NAME = OTPAnalyzer;
			};
			name = Release;
		};
/* End XCBuildConfiguration section */

/* Begin XCConfigurationList section */
		59DCB62923B26B8A00F36EDB /* Build configuration list for PBXProject "OTPAnalyzer" */ = {
			isa = XCConfigurationList;
			buildConfigurations = (
				59DCB65223B26B8D00F36EDB /* Debug */,
				59DCB65323B26B8D00F36EDB /* Release */,
			);
			defaultConfigurationIsVisible = 0;
			defaultConfigurationName = Release;
		};
		59DCB65423B26B8D00F36EDB /* Build configuration list for PBXNativeTarget "OTPAnalyzer" */ = {
			isa = XCConfigurationList;
			buildConfigurations = (
				59DCB65523B26B8D00F36EDB /* Debug */,
				59DCB65623B26B8D00F36EDB /* Release */,
			);
			defaultConfigurationIsVisible = 0;
			defaultConfigurationName = Release;
		};
		59DCB65723B26B8D00F36EDB /* Build configuration list for PBXNativeTarget "OTPAnalyzerTests" */ = {
			isa = XCConfigurationList;
			buildConfigurations = (
				59DCB65823B26B8D00F36EDB /* Debug */,
				59DCB65923B26B8D00F36EDB /* Release */,
			);
			defaultConfigurationIsVisible = 0;
			defaultConfigurationName = Release;
		};
		59DCB65A23B26B8D00F36EDB /* Build configuration list for PBXNativeTarget "OTPAnalyzerUITests" */ = {
			isa = XCConfigurationList;
			buildConfigurations = (
				59DCB65B23B26B8D00F36EDB /* Debug */,
				59DCB65C23B26B8D00F36EDB /* Release */,
			);
			defaultConfigurationIsVisible = 0;
			defaultConfigurationName = Release;
		};
/* End XCConfigurationList section */

/* Begin XCRemoteSwiftPackageReference section */
		59DC385224530F3700C41FDF /* XCRemoteSwiftPackageReference "OTPKit" */ = {
			isa = XCRemoteSwiftPackageReference;
			repositoryURL = "https://github.com/dsmurfin/OTPKit.git";
			requirement = {
				kind = upToNextMajorVersion;
				minimumVersion = 0.1.1;
			};
		};
		59EA975523F963480046AD06 /* XCRemoteSwiftPackageReference "swift-netutils" */ = {
			isa = XCRemoteSwiftPackageReference;
			repositoryURL = "https://github.com/svdo/swift-netutils.git";
			requirement = {
				kind = upToNextMajorVersion;
				minimumVersion = 4.1.0;
			};
		};
/* End XCRemoteSwiftPackageReference section */

/* Begin XCSwiftPackageProductDependency section */
		59DC385324530F3700C41FDF /* OTPKit */ = {
			isa = XCSwiftPackageProductDependency;
			package = 59DC385224530F3700C41FDF /* XCRemoteSwiftPackageReference "OTPKit" */;
			productName = OTPKit;
		};
		59EA975623F963480046AD06 /* NetUtils */ = {
			isa = XCSwiftPackageProductDependency;
			package = 59EA975523F963480046AD06 /* XCRemoteSwiftPackageReference "swift-netutils" */;
			productName = NetUtils;
		};
/* End XCSwiftPackageProductDependency section */
	};
	rootObject = 59DCB62623B26B8A00F36EDB /* Project object */;
}
