{
  "object": {
    "pins": [
      {
        "package": "CocoaAsyncSocket",
        "repositoryURL": "https://github.com/robbiehanson/CocoaAsyncSocket",
        "state": {
          "branch": null,
          "revision": "0e00c967a010fc43ce528bd633d032f17158d393",
          "version": "7.6.4"
        }
      },
      {
        "package": "OTPKit",
        "repositoryURL": "https://github.com/dsmurfin/OTPKit.git",
        "state": {
          "branch": null,
          "revision": "f1e3496baa7ffa496ea2949968c979269bb7c6a4",
          "version": "0.1.2"
        }
      },
      {
        "package": "NetUtils",
        "repositoryURL": "https://github.com/svdo/swift-netutils.git",
        "state": {
          "branch": null,
          "revision": "d1251a380f41088547e4cfc8dc718a90c861a42b",
          "version": "4.1.0"
        }
      }
    ]
  },
  "version": 1
}
